// !$*UTF8*$!
{
	archiveVersion = 1;
	classes = {
	};
	objectVersion = 46;
	objects = {

/* Begin PBXBuildFile section */
		4C3709221F27224800AD3EC4 /* AppDelegate.swift in Sources */ = {isa = PBXBuildFile; fileRef = 4C3709211F27224800AD3EC4 /* AppDelegate.swift */; };
		4C3709241F27224800AD3EC4 /* ViewController.swift in Sources */ = {isa = PBXBuildFile; fileRef = 4C3709231F27224800AD3EC4 /* ViewController.swift */; };
		4C3709271F27224800AD3EC4 /* Main.storyboard in Resources */ = {isa = PBXBuildFile; fileRef = 4C3709251F27224800AD3EC4 /* Main.storyboard */; };
		4C3709291F27224800AD3EC4 /* Assets.xcassets in Resources */ = {isa = PBXBuildFile; fileRef = 4C3709281F27224800AD3EC4 /* Assets.xcassets */; };
		4C37092C1F27224800AD3EC4 /* LaunchScreen.storyboard in Resources */ = {isa = PBXBuildFile; fileRef = 4C37092A1F27224800AD3EC4 /* LaunchScreen.storyboard */; };
/* End PBXBuildFile section */

/* Begin PBXFileReference section */
		4C37091E1F27224800AD3EC4 /* fbNewsFeed.app */ = {isa = PBXFileReference; explicitFileType = wrapper.application; includeInIndex = 0; path = fbNewsFeed.app; sourceTree = BUILT_PRODUCTS_DIR; };
		4C3709211F27224800AD3EC4 /* AppDelegate.swift */ = {isa = PBXFileReference; lastKnownFileType = sourcecode.swift; path = AppDelegate.swift; sourceTree = "<group>"; };
		4C3709231F27224800AD3EC4 /* ViewController.swift */ = {isa = PBXFileReference; lastKnownFileType = sourcecode.swift; path = ViewController.swift; sourceTree = "<group>"; };
		4C3709261F27224800AD3EC4 /* Base */ = {isa = PBXFileReference; lastKnownFileType = file.storyboard; name = Base; path = Base.lproj/Main.storyboard; sourceTree = "<group>"; };
		4C3709281F27224800AD3EC4 /* Assets.xcassets */ = {isa = PBXFileReference; lastKnownFileType = folder.assetcatalog; path = Assets.xcassets; sourceTree = "<group>"; };
		4C37092B1F27224800AD3EC4 /* Base */ = {isa = PBXFileReference; lastKnownFileType = file.storyboard; name = Base; path = Base.lproj/LaunchScreen.storyboard; sourceTree = "<group>"; };
		4C37092D1F27224800AD3EC4 /* Info.plist */ = {isa = PBXFileReference; lastKnownFileType = text.plist.xml; path = Info.plist; sourceTree = "<group>"; };
/* End PBXFileReference section */

/* Begin PBXFrameworksBuildPhase section */
		4C37091B1F27224800AD3EC4 /* Frameworks */ = {
			isa = PBXFrameworksBuildPhase;
			buildActionMask = 2147483647;
			files = (
			);
			runOnlyForDeploymentPostprocessing = 0;
		};
/* End PBXFrameworksBuildPhase section */

/* Begin PBXGroup section */
		4C3709151F27224800AD3EC4 = {
			isa = PBXGroup;
			children = (
				4C3709201F27224800AD3EC4 /* fbNewsFeed */,
				4C37091F1F27224800AD3EC4 /* Products */,
			);
			sourceTree = "<group>";
		};
		4C37091F1F27224800AD3EC4 /* Products */ = {
			isa = PBXGroup;
			children = (
				4C37091E1F27224800AD3EC4 /* fbNewsFeed.app */,
			);
			name = Products;
			sourceTree = "<group>";
		};
		4C3709201F27224800AD3EC4 /* fbNewsFeed */ = {
			isa = PBXGroup;
			children = (
				4C3709211F27224800AD3EC4 /* AppDelegate.swift */,
				4C3709231F27224800AD3EC4 /* ViewController.swift */,
				4C3709251F27224800AD3EC4 /* Main.storyboard */,
				4C3709281F27224800AD3EC4 /* Assets.xcassets */,
				4C37092A1F27224800AD3EC4 /* LaunchScreen.storyboard */,
				4C37092D1F27224800AD3EC4 /* Info.plist */,
			);
			path = fbNewsFeed;
			sourceTree = "<group>";
		};
/* End PBXGroup section */

/* Begin PBXNativeTarget section */
		4C37091D1F27224800AD3EC4 /* fbNewsFeed */ = {
			isa = PBXNativeTarget;
			buildConfigurationList = 4C3709301F27224800AD3EC4 /* Build configuration list for PBXNativeTarget "fbNewsFeed" */;
			buildPhases = (
				4C37091A1F27224800AD3EC4 /* Sources */,
				4C37091B1F27224800AD3EC4 /* Frameworks */,
				4C37091C1F27224800AD3EC4 /* Resources */,
			);
			buildRules = (
			);
			dependencies = (
			);
			name = fbNewsFeed;
			productName = fbNewsFeed;
			productReference = 4C37091E1F27224800AD3EC4 /* fbNewsFeed.app */;
			productType = "com.apple.product-type.application";
		};
/* End PBXNativeTarget section */

/* Begin PBXProject section */
		4C3709161F27224800AD3EC4 /* Project object */ = {
			isa = PBXProject;
			attributes = {
				LastSwiftUpdateCheck = 0830;
				LastUpgradeCheck = 0830;
				ORGANIZATIONNAME = "Michael Lema";
				TargetAttributes = {
					4C37091D1F27224800AD3EC4 = {
						CreatedOnToolsVersion = 8.3.3;
						DevelopmentTeam = MFNQ54N2S6;
						ProvisioningStyle = Automatic;
					};
				};
			};
			buildConfigurationList = 4C3709191F27224800AD3EC4 /* Build configuration list for PBXProject "fbNewsFeed" */;
			compatibilityVersion = "Xcode 3.2";
			developmentRegion = English;
			hasScannedForEncodings = 0;
			knownRegions = (
				en,
				Base,
			);
			mainGroup = 4C3709151F27224800AD3EC4;
			productRefGroup = 4C37091F1F27224800AD3EC4 /* Products */;
			projectDirPath = "";
			projectRoot = "";
			targets = (
				4C37091D1F27224800AD3EC4 /* fbNewsFeed */,
			);
		};
/* End PBXProject section */

/* Begin PBXResourcesBuildPhase section */
		4C37091C1F27224800AD3EC4 /* Resources */ = {
			isa = PBXResourcesBuildPhase;
			buildActionMask = 2147483647;
			files = (
				4C37092C1F27224800AD3EC4 /* LaunchScreen.storyboard in Resources */,
				4C3709291F27224800AD3EC4 /* Assets.xcassets in Resources */,
				4C3709271F27224800AD3EC4 /* Main.storyboard in Resources */,
			);
			runOnlyForDeploymentPostprocessing = 0;
		};
/* End PBXResourcesBuildPhase section */

/* Begin PBXSourcesBuildPhase section */
		4C37091A1F27224800AD3EC4 /* Sources */ = {
			isa = PBXSourcesBuildPhase;
			buildActionMask = 2147483647;
			files = (
				4C3709241F27224800AD3EC4 /* ViewController.swift in Sources */,
				4C3709221F27224800AD3EC4 /* AppDelegate.swift in Sources */,
			);
			runOnlyForDeploymentPostprocessing = 0;
		};
/* End PBXSourcesBuildPhase section */

/* Begin PBXVariantGroup section */
		4C3709251F27224800AD3EC4 /* Main.storyboard */ = {
			isa = PBXVariantGroup;
			children = (
				4C3709261F27224800AD3EC4 /* Base */,
			);
			name = Main.storyboard;
			sourceTree = "<group>";
		};
		4C37092A1F27224800AD3EC4 /* LaunchScreen.storyboard */ = {
			isa = PBXVariantGroup;
			children = (
				4C37092B1F27224800AD3EC4 /* Base */,
			);
			name = LaunchScreen.storyboard;
			sourceTree = "<group>";
		};
/* End PBXVariantGroup section */

/* Begin XCBuildConfiguration section */
		4C37092E1F27224800AD3EC4 /* Debug */ = {
			isa = XCBuildConfiguration;
			buildSettings = {
				ALWAYS_SEARCH_USER_PATHS = NO;
				CLANG_ANALYZER_NONNULL = YES;
				CLANG_ANALYZER_NUMBER_OBJECT_CONVERSION = YES_AGGRESSIVE;
				CLANG_CXX_LANGUAGE_STANDARD = "gnu++0x";
				CLANG_CXX_LIBRARY = "libc++";
				CLANG_ENABLE_MODULES = YES;
				CLANG_ENABLE_OBJC_ARC = YES;
				CLANG_WARN_BOOL_CONVERSION = YES;
				CLANG_WARN_CONSTANT_CONVERSION = YES;
				CLANG_WARN_DIRECT_OBJC_ISA_USAGE = YES_ERROR;
				CLANG_WARN_DOCUMENTATION_COMMENTS = YES;
				CLANG_WARN_EMPTY_BODY = YES;
				CLANG_WARN_ENUM_CONVERSION = YES;
				CLANG_WARN_INFINITE_RECURSION = YES;
				CLANG_WARN_INT_CONVERSION = YES;
				CLANG_WARN_OBJC_ROOT_CLASS = YES_ERROR;
				CLANG_WARN_SUSPICIOUS_MOVE = YES;
				CLANG_WARN_UNREACHABLE_CODE = YES;
				CLANG_WARN__DUPLICATE_METHOD_MATCH = YES;
				"CODE_SIGN_IDENTITY[sdk=iphoneos*]" = "iPhone Developer";
				COPY_PHASE_STRIP = NO;
				DEBUG_INFORMATION_FORMAT = dwarf;
				ENABLE_STRICT_OBJC_MSGSEND = YES;
				ENABLE_TESTABILITY = YES;
				GCC_C_LANGUAGE_STANDARD = gnu99;
				GCC_DYNAMIC_NO_PIC = NO;
				GCC_NO_COMMON_BLOCKS = YES;
				GCC_OPTIMIZATION_LEVEL = 0;
				GCC_PREPROCESSOR_DEFINITIONS = (
					"DEBUG=1",
					"$(inherited)",
				);
				GCC_WARN_64_TO_32_BIT_CONVERSION = YES;
				GCC_WARN_ABOUT_RETURN_TYPE = YES_ERROR;
				GCC_WARN_UNDECLARED_SELECTOR = YES;
				GCC_WARN_UNINITIALIZED_AUTOS = YES_AGGRESSIVE;
				GCC_WARN_UNUSED_FUNCTION = YES;
				GCC_WARN_UNUSED_VARIABLE = YES;
				IPHONEOS_DEPLOYMENT_TARGET = 10.3;
				MTL_ENABLE_DEBUG_INFO = YES;
				ONLY_ACTIVE_ARCH = YES;
				SDKROOT = iphoneos;
				SWIFT_ACTIVE_COMPILATION_CONDITIONS = DEBUG;
				SWIFT_OPTIMIZATION_LEVEL = "-Onone";
				TARGETED_DEVICE_FAMILY = "1,2";
			};
			name = Debug;
		};
		4C37092F1F27224800AD3EC4 /* Release */ = {
			isa = XCBuildConfiguration;
			buildSettings = {
				ALWAYS_SEARCH_USER_PATHS = NO;
				CLANG_ANALYZER_NONNULL = YES;
				CLANG_ANALYZER_NUMBER_OBJECT_CONVERSION = YES_AGGRESSIVE;
				CLANG_CXX_LANGUAGE_STANDARD = "gnu++0x";
				CLANG_CXX_LIBRARY = "libc++";
				CLANG_ENABLE_MODULES = YES;
				CLANG_ENABLE_OBJC_ARC = YES;
				CLANG_WARN_BOOL_CONVERSION = YES;
				CLANG_WARN_CONSTANT_CONVERSION = YES;
				CLANG_WARN_DIRECT_OBJC_ISA_USAGE = YES_ERROR;
				CLANG_WARN_DOCUMENTATION_COMMENTS = YES;
				CLANG_WARN_EMPTY_BODY = YES;
				CLANG_WARN_ENUM_CONVERSION = YES;
				CLANG_WARN_INFINITE_RECURSION = YES;
				CLANG_WARN_INT_CONVERSION = YES;
				CLANG_WARN_OBJC_ROOT_CLASS = YES_ERROR;
				CLANG_WARN_SUSPICIOUS_MOVE = YES;
				CLANG_WARN_UNREACHABLE_CODE = YES;
				CLANG_WARN__DUPLICATE_METHOD_MATCH = YES;
				"CODE_SIGN_IDENTITY[sdk=iphoneos*]" = "iPhone Developer";
				COPY_PHASE_STRIP = NO;
				DEBUG_INFORMATION_FORMAT = "dwarf-with-dsym";
				ENABLE_NS_ASSERTIONS = NO;
				ENABLE_STRICT_OBJC_MSGSEND = YES;
				GCC_C_LANGUAGE_STANDARD = gnu99;
				GCC_NO_COMMON_BLOCKS = YES;
				GCC_WARN_64_TO_32_BIT_CONVERSION = YES;
				GCC_WARN_ABOUT_RETURN_TYPE = YES_ERROR;
				GCC_WARN_UNDECLARED_SELECTOR = YES;
				GCC_WARN_UNINITIALIZED_AUTOS = YES_AGGRESSIVE;
				GCC_WARN_UNUSED_FUNCTION = YES;
				GCC_WARN_UNUSED_VARIABLE = YES;
				IPHONEOS_DEPLOYMENT_TARGET = 10.3;
				MTL_ENABLE_DEBUG_INFO = NO;
				SDKROOT = iphoneos;
				SWIFT_OPTIMIZATION_LEVEL = "-Owholemodule";
				TARGETED_DEVICE_FAMILY = "1,2";
				VALIDATE_PRODUCT = YES;
			};
			name = Release;
		};
		4C3709311F27224800AD3EC4 /* Debug */ = {
			isa = XCBuildConfiguration;
			buildSettings = {
				ASSETCATALOG_COMPILER_APPICON_NAME = AppIcon;
				DEVELOPMENT_TEAM = MFNQ54N2S6;
				INFOPLIST_FILE = fbNewsFeed/Info.plist;
				LD_RUNPATH_SEARCH_PATHS = "$(inherited) @executable_path/Frameworks";
				PRODUCT_BUNDLE_IDENTIFIER = com.MichaeLema.fbNewsFeed;
				PRODUCT_NAME = "$(TARGET_NAME)";
				SWIFT_VERSION = 3.0;
			};
			name = Debug;
		};
		4C3709321F27224800AD3EC4 /* Release */ = {
			isa = XCBuildConfiguration;
			buildSettings = {
				ASSETCATALOG_COMPILER_APPICON_NAME = AppIcon;
				DEVELOPMENT_TEAM = MFNQ54N2S6;
				INFOPLIST_FILE = fbNewsFeed/Info.plist;
				LD_RUNPATH_SEARCH_PATHS = "$(inherited) @executable_path/Frameworks";
				PRODUCT_BUNDLE_IDENTIFIER = com.MichaeLema.fbNewsFeed;
				PRODUCT_NAME = "$(TARGET_NAME)";
				SWIFT_VERSION = 3.0;
			};
			name = Release;
		};
/* End XCBuildConfiguration section */

/* Begin XCConfigurationList section */
		4C3709191F27224800AD3EC4 /* Build configuration list for PBXProject "fbNewsFeed" */ = {
			isa = XCConfigurationList;
			buildConfigurations = (
				4C37092E1F27224800AD3EC4 /* Debug */,
				4C37092F1F27224800AD3EC4 /* Release */,
			);
			defaultConfigurationIsVisible = 0;
			defaultConfigurationName = Release;
		};
		4C3709301F27224800AD3EC4 /* Build configuration list for PBXNativeTarget "fbNewsFeed" */ = {
			isa = XCConfigurationList;
			buildConfigurations = (
				4C3709311F27224800AD3EC4 /* Debug */,
				4C3709321F27224800AD3EC4 /* Release */,
			);
			defaultConfigurationIsVisible = 0;
		};
/* End XCConfigurationList section */
	};
	rootObject = 4C3709161F27224800AD3EC4 /* Project object */;
}
